
Microsoft Visual Studio Solution File, Format Version 12.00
# Visual Studio Version 16
VisualStudioVersion = 16.0.30011.22
MinimumVisualStudioVersion = 10.0.40219.1
Project("{8BC9CEB8-8B4A-11D0-8D11-00A0C91BC942}") = "Laboratory6", "Laboratory6\Laboratory6.vcxproj", "{9A8D6B05-8AF1-4976-B754-30876872E7F9}"
EndProject
Global
	GlobalSection(SolutionConfigurationPlatforms) = preSolution
		Debug|x64 = Debug|x64
		Debug|x86 = Debug|x86
		Release|x64 = Release|x64
		Release|x86 = Release|x86
	EndGlobalSection
	GlobalSection(ProjectConfigurationPlatforms) = postSolution
		{9A8D6B05-8AF1-4976-B754-30876872E7F9}.Debug|x64.ActiveCfg = Debug|x64
		{9A8D6B05-8AF1-4976-B754-30876872E7F9}.Debug|x64.Build.0 = Debug|x64
		{9A8D6B05-8AF1-4976-B754-30876872E7F9}.Debug|x86.ActiveCfg = Debug|Win32
		{9A8D6B05-8AF1-4976-B754-30876872E7F9}.Debug|x86.Build.0 = Debug|Win32
		{9A8D6B05-8AF1-4976-B754-30876872E7F9}.Release|x64.ActiveCfg = Release|x64
		{9A8D6B05-8AF1-4976-B754-30876872E7F9}.Release|x64.Build.0 = Release|x64
		{9A8D6B05-8AF1-4976-B754-30876872E7F9}.Release|x86.ActiveCfg = Release|Win32
		{9A8D6B05-8AF1-4976-B754-30876872E7F9}.Release|x86.Build.0 = Release|Win32
	EndGlobalSection
	GlobalSection(SolutionProperties) = preSolution
		HideSolutionNode = FALSE
	EndGlobalSection
	GlobalSection(ExtensibilityGlobals) = postSolution
		SolutionGuid = {1AF6C89A-0DB9-4B00-B00B-3232384D5331}
	EndGlobalSection
EndGlobal
