
Microsoft Visual Studio Solution File, Format Version 12.00
# Visual Studio Version 16
VisualStudioVersion = 16.0.29905.134
MinimumVisualStudioVersion = 10.0.40219.1
Project("{8BC9CEB8-8B4A-11D0-8D11-00A0C91BC942}") = "Laboratory2", "Laboratory2\Laboratory2.vcxproj", "{461E3F71-7EEF-468B-B792-F0F028624CCD}"
EndProject
Global
	GlobalSection(SolutionConfigurationPlatforms) = preSolution
		Debug|x64 = Debug|x64
		Debug|x86 = Debug|x86
		Release|x64 = Release|x64
		Release|x86 = Release|x86
	EndGlobalSection
	GlobalSection(ProjectConfigurationPlatforms) = postSolution
		{461E3F71-7EEF-468B-B792-F0F028624CCD}.Debug|x64.ActiveCfg = Debug|x64
		{461E3F71-7EEF-468B-B792-F0F028624CCD}.Debug|x64.Build.0 = Debug|x64
		{461E3F71-7EEF-468B-B792-F0F028624CCD}.Debug|x86.ActiveCfg = Debug|Win32
		{461E3F71-7EEF-468B-B792-F0F028624CCD}.Debug|x86.Build.0 = Debug|Win32
		{461E3F71-7EEF-468B-B792-F0F028624CCD}.Release|x64.ActiveCfg = Release|x64
		{461E3F71-7EEF-468B-B792-F0F028624CCD}.Release|x64.Build.0 = Release|x64
		{461E3F71-7EEF-468B-B792-F0F028624CCD}.Release|x86.ActiveCfg = Release|Win32
		{461E3F71-7EEF-468B-B792-F0F028624CCD}.Release|x86.Build.0 = Release|Win32
	EndGlobalSection
	GlobalSection(SolutionProperties) = preSolution
		HideSolutionNode = FALSE
	EndGlobalSection
	GlobalSection(ExtensibilityGlobals) = postSolution
		SolutionGuid = {18D775E5-4406-4336-84C3-F32517F5DB86}
	EndGlobalSection
EndGlobal
